// !$*UTF8*$!
{
	archiveVersion = 1;
	classes = {
	};
	objectVersion = 46;
	objects = {

/* Begin PBXBuildFile section */
		92ACC82C1A5D8187001EE6D4 /* main.m in Sources */ = {isa = PBXBuildFile; fileRef = 92ACC82B1A5D8187001EE6D4 /* main.m */; };
		92ACC82F1A5D8187001EE6D4 /* AppDelegate.mm in Sources */ = {isa = PBXBuildFile; fileRef = 92ACC82E1A5D8187001EE6D4 /* AppDelegate.mm */; };
		92ACC8361A5D8187001EE6D4 /* GameViewController.mm in Sources */ = {isa = PBXBuildFile; fileRef = 92ACC8351A5D8187001EE6D4 /* GameViewController.mm */; };
		92ACC8391A5D8187001EE6D4 /* Main.storyboard in Resources */ = {isa = PBXBuildFile; fileRef = 92ACC8371A5D8187001EE6D4 /* Main.storyboard */; };
		92ACC83B1A5D8187001EE6D4 /* Images.xcassets in Resources */ = {isa = PBXBuildFile; fileRef = 92ACC83A1A5D8187001EE6D4 /* Images.xcassets */; };
		92ACC83E1A5D8187001EE6D4 /* LaunchScreen.xib in Resources */ = {isa = PBXBuildFile; fileRef = 92ACC83C1A5D8187001EE6D4 /* LaunchScreen.xib */; };
		92ACC85A1A5D8544001EE6D4 /* tiles.jpg in Resources */ = {isa = PBXBuildFile; fileRef = 92ACC8541A5D8544001EE6D4 /* tiles.jpg */; };
		92ACC85B1A5D8544001EE6D4 /* xneg.jpg in Resources */ = {isa = PBXBuildFile; fileRef = 92ACC8551A5D8544001EE6D4 /* xneg.jpg */; };
		92ACC85C1A5D8544001EE6D4 /* xpos.jpg in Resources */ = {isa = PBXBuildFile; fileRef = 92ACC8561A5D8544001EE6D4 /* xpos.jpg */; };
		92ACC85D1A5D8544001EE6D4 /* ypos.jpg in Resources */ = {isa = PBXBuildFile; fileRef = 92ACC8571A5D8544001EE6D4 /* ypos.jpg */; };
		92ACC85E1A5D8544001EE6D4 /* zneg.jpg in Resources */ = {isa = PBXBuildFile; fileRef = 92ACC8581A5D8544001EE6D4 /* zneg.jpg */; };
		92ACC85F1A5D8544001EE6D4 /* zpos.jpg in Resources */ = {isa = PBXBuildFile; fileRef = 92ACC8591A5D8544001EE6D4 /* zpos.jpg */; };
		92ACC8631A5D89A3001EE6D4 /* GLKit.framework in Frameworks */ = {isa = PBXBuildFile; fileRef = 92ACC8621A5D89A3001EE6D4 /* GLKit.framework */; };
		92B5FFC31A60EF3C003025EE /* waterShader.fsh in Resources */ = {isa = PBXBuildFile; fileRef = 92B5FFC11A60EF3C003025EE /* waterShader.fsh */; };
		92B5FFC41A60EF3C003025EE /* waterShader.vsh in Resources */ = {isa = PBXBuildFile; fileRef = 92B5FFC21A60EF3C003025EE /* waterShader.vsh */; };
		92B5FFCC1A60F273003025EE /* Program.mm in Sources */ = {isa = PBXBuildFile; fileRef = 92B5FFCB1A60F273003025EE /* Program.mm */; };
		92B5FFCF1A60F61B003025EE /* Uniform.mm in Sources */ = {isa = PBXBuildFile; fileRef = 92B5FFCE1A60F61B003025EE /* Uniform.mm */; };
		92B5FFD21A610302003025EE /* TextureCube.mm in Sources */ = {isa = PBXBuildFile; fileRef = 92B5FFD11A610302003025EE /* TextureCube.mm */; };
		92B5FFD51A6103F5003025EE /* Texture.mm in Sources */ = {isa = PBXBuildFile; fileRef = 92B5FFD41A6103F5003025EE /* Texture.mm */; };
		92B5FFD81A610409003025EE /* Texture2D.mm in Sources */ = {isa = PBXBuildFile; fileRef = 92B5FFD71A610409003025EE /* Texture2D.mm */; };
		92B5FFE11A610AA6003025EE /* Water.mm in Sources */ = {isa = PBXBuildFile; fileRef = 92B5FFE01A610AA6003025EE /* Water.mm */; };
		92B5FFE41A610B4D003025EE /* LightGL.mm in Sources */ = {isa = PBXBuildFile; fileRef = 92B5FFE31A610B4D003025EE /* LightGL.mm */; };
		92B5FFE71A610F4F003025EE /* Mesh.mm in Sources */ = {isa = PBXBuildFile; fileRef = 92B5FFE61A610F4F003025EE /* Mesh.mm */; };
		92B5FFED1A612962003025EE /* waterUpdateShader.fsh in Resources */ = {isa = PBXBuildFile; fileRef = 92B5FFEB1A612962003025EE /* waterUpdateShader.fsh */; };
		92B5FFEE1A612962003025EE /* waterUpdateShader.vsh in Resources */ = {isa = PBXBuildFile; fileRef = 92B5FFEC1A612962003025EE /* waterUpdateShader.vsh */; };
		92B5FFF11A612B2E003025EE /* waterNormalShader.fsh in Resources */ = {isa = PBXBuildFile; fileRef = 92B5FFEF1A612B2E003025EE /* waterNormalShader.fsh */; };
		92B5FFF21A612B2E003025EE /* waterNormalShader.vsh in Resources */ = {isa = PBXBuildFile; fileRef = 92B5FFF01A612B2E003025EE /* waterNormalShader.vsh */; };
		92F190DD1A5EC47F008AA456 /* cubeShader.fsh in Resources */ = {isa = PBXBuildFile; fileRef = 92F190DB1A5EC47F008AA456 /* cubeShader.fsh */; };
		92F190DE1A5EC47F008AA456 /* cubeShader.vsh in Resources */ = {isa = PBXBuildFile; fileRef = 92F190DC1A5EC47F008AA456 /* cubeShader.vsh */; };
/* End PBXBuildFile section */

/* Begin PBXFileReference section */
		92ACC8261A5D8187001EE6D4 /* glwater.app */ = {isa = PBXFileReference; explicitFileType = wrapper.application; includeInIndex = 0; path = glwater.app; sourceTree = BUILT_PRODUCTS_DIR; };
		92ACC82A1A5D8187001EE6D4 /* Info.plist */ = {isa = PBXFileReference; lastKnownFileType = text.plist.xml; path = Info.plist; sourceTree = "<group>"; };
		92ACC82B1A5D8187001EE6D4 /* main.m */ = {isa = PBXFileReference; lastKnownFileType = sourcecode.c.objc; path = main.m; sourceTree = "<group>"; };
		92ACC82D1A5D8187001EE6D4 /* AppDelegate.h */ = {isa = PBXFileReference; lastKnownFileType = sourcecode.c.h; path = AppDelegate.h; sourceTree = "<group>"; };
		92ACC82E1A5D8187001EE6D4 /* AppDelegate.mm */ = {isa = PBXFileReference; lastKnownFileType = sourcecode.cpp.objcpp; path = AppDelegate.mm; sourceTree = "<group>"; };
		92ACC8341A5D8187001EE6D4 /* GameViewController.h */ = {isa = PBXFileReference; lastKnownFileType = sourcecode.c.h; path = GameViewController.h; sourceTree = "<group>"; };
		92ACC8351A5D8187001EE6D4 /* GameViewController.mm */ = {isa = PBXFileReference; lastKnownFileType = sourcecode.cpp.objcpp; path = GameViewController.mm; sourceTree = "<group>"; };
		92ACC8381A5D8187001EE6D4 /* Base */ = {isa = PBXFileReference; lastKnownFileType = file.storyboard; name = Base; path = Base.lproj/Main.storyboard; sourceTree = "<group>"; };
		92ACC83A1A5D8187001EE6D4 /* Images.xcassets */ = {isa = PBXFileReference; lastKnownFileType = folder.assetcatalog; path = Images.xcassets; sourceTree = "<group>"; };
		92ACC83D1A5D8187001EE6D4 /* Base */ = {isa = PBXFileReference; lastKnownFileType = file.xib; name = Base; path = Base.lproj/LaunchScreen.xib; sourceTree = "<group>"; };
		92ACC8541A5D8544001EE6D4 /* tiles.jpg */ = {isa = PBXFileReference; lastKnownFileType = image.jpeg; path = tiles.jpg; sourceTree = "<group>"; };
		92ACC8551A5D8544001EE6D4 /* xneg.jpg */ = {isa = PBXFileReference; lastKnownFileType = image.jpeg; path = xneg.jpg; sourceTree = "<group>"; };
		92ACC8561A5D8544001EE6D4 /* xpos.jpg */ = {isa = PBXFileReference; lastKnownFileType = image.jpeg; path = xpos.jpg; sourceTree = "<group>"; };
		92ACC8571A5D8544001EE6D4 /* ypos.jpg */ = {isa = PBXFileReference; lastKnownFileType = image.jpeg; path = ypos.jpg; sourceTree = "<group>"; };
		92ACC8581A5D8544001EE6D4 /* zneg.jpg */ = {isa = PBXFileReference; lastKnownFileType = image.jpeg; path = zneg.jpg; sourceTree = "<group>"; };
		92ACC8591A5D8544001EE6D4 /* zpos.jpg */ = {isa = PBXFileReference; lastKnownFileType = image.jpeg; path = zpos.jpg; sourceTree = "<group>"; };
		92ACC8621A5D89A3001EE6D4 /* GLKit.framework */ = {isa = PBXFileReference; lastKnownFileType = wrapper.framework; name = GLKit.framework; path = System/Library/Frameworks/GLKit.framework; sourceTree = SDKROOT; };
		92B5FFC11A60EF3C003025EE /* waterShader.fsh */ = {isa = PBXFileReference; fileEncoding = 4; lastKnownFileType = sourcecode.glsl; name = waterShader.fsh; path = Shaders/waterShader.fsh; sourceTree = "<group>"; };
		92B5FFC21A60EF3C003025EE /* waterShader.vsh */ = {isa = PBXFileReference; fileEncoding = 4; lastKnownFileType = sourcecode.glsl; name = waterShader.vsh; path = Shaders/waterShader.vsh; sourceTree = "<group>"; };
		92B5FFCA1A60F273003025EE /* Program.h */ = {isa = PBXFileReference; fileEncoding = 4; lastKnownFileType = sourcecode.c.h; path = Program.h; sourceTree = "<group>"; };
		92B5FFCB1A60F273003025EE /* Program.mm */ = {isa = PBXFileReference; fileEncoding = 4; lastKnownFileType = sourcecode.cpp.objcpp; path = Program.mm; sourceTree = "<group>"; };
		92B5FFCD1A60F61B003025EE /* Uniform.h */ = {isa = PBXFileReference; fileEncoding = 4; lastKnownFileType = sourcecode.c.h; path = Uniform.h; sourceTree = "<group>"; };
		92B5FFCE1A60F61B003025EE /* Uniform.mm */ = {isa = PBXFileReference; fileEncoding = 4; lastKnownFileType = sourcecode.cpp.objcpp; path = Uniform.mm; sourceTree = "<group>"; };
		92B5FFD01A610302003025EE /* TextureCube.h */ = {isa = PBXFileReference; fileEncoding = 4; lastKnownFileType = sourcecode.c.h; path = TextureCube.h; sourceTree = "<group>"; };
		92B5FFD11A610302003025EE /* TextureCube.mm */ = {isa = PBXFileReference; fileEncoding = 4; lastKnownFileType = sourcecode.cpp.objcpp; path = TextureCube.mm; sourceTree = "<group>"; };
		92B5FFD31A6103F5003025EE /* Texture.h */ = {isa = PBXFileReference; fileEncoding = 4; lastKnownFileType = sourcecode.c.h; path = Texture.h; sourceTree = "<group>"; };
		92B5FFD41A6103F5003025EE /* Texture.mm */ = {isa = PBXFileReference; fileEncoding = 4; lastKnownFileType = sourcecode.cpp.objcpp; path = Texture.mm; sourceTree = "<group>"; };
		92B5FFD61A610409003025EE /* Texture2D.h */ = {isa = PBXFileReference; fileEncoding = 4; lastKnownFileType = sourcecode.c.h; path = Texture2D.h; sourceTree = "<group>"; };
		92B5FFD71A610409003025EE /* Texture2D.mm */ = {isa = PBXFileReference; fileEncoding = 4; lastKnownFileType = sourcecode.cpp.objcpp; path = Texture2D.mm; sourceTree = "<group>"; };
		92B5FFDF1A610AA6003025EE /* Water.h */ = {isa = PBXFileReference; fileEncoding = 4; lastKnownFileType = sourcecode.c.h; path = Water.h; sourceTree = "<group>"; };
		92B5FFE01A610AA6003025EE /* Water.mm */ = {isa = PBXFileReference; fileEncoding = 4; lastKnownFileType = sourcecode.cpp.objcpp; path = Water.mm; sourceTree = "<group>"; };
		92B5FFE21A610B4D003025EE /* LightGL.h */ = {isa = PBXFileReference; fileEncoding = 4; lastKnownFileType = sourcecode.c.h; path = LightGL.h; sourceTree = "<group>"; };
		92B5FFE31A610B4D003025EE /* LightGL.mm */ = {isa = PBXFileReference; fileEncoding = 4; lastKnownFileType = sourcecode.cpp.objcpp; path = LightGL.mm; sourceTree = "<group>"; };
		92B5FFE51A610F4F003025EE /* Mesh.h */ = {isa = PBXFileReference; fileEncoding = 4; lastKnownFileType = sourcecode.c.h; path = Mesh.h; sourceTree = "<group>"; };
		92B5FFE61A610F4F003025EE /* Mesh.mm */ = {isa = PBXFileReference; fileEncoding = 4; lastKnownFileType = sourcecode.cpp.objcpp; path = Mesh.mm; sourceTree = "<group>"; };
		92B5FFEB1A612962003025EE /* waterUpdateShader.fsh */ = {isa = PBXFileReference; fileEncoding = 4; lastKnownFileType = sourcecode.glsl; name = waterUpdateShader.fsh; path = Shaders/waterUpdateShader.fsh; sourceTree = "<group>"; };
		92B5FFEC1A612962003025EE /* waterUpdateShader.vsh */ = {isa = PBXFileReference; fileEncoding = 4; lastKnownFileType = sourcecode.glsl; name = waterUpdateShader.vsh; path = Shaders/waterUpdateShader.vsh; sourceTree = "<group>"; };
		92B5FFEF1A612B2E003025EE /* waterNormalShader.fsh */ = {isa = PBXFileReference; fileEncoding = 4; lastKnownFileType = sourcecode.glsl; name = waterNormalShader.fsh; path = Shaders/waterNormalShader.fsh; sourceTree = "<group>"; };
		92B5FFF01A612B2E003025EE /* waterNormalShader.vsh */ = {isa = PBXFileReference; fileEncoding = 4; lastKnownFileType = sourcecode.glsl; name = waterNormalShader.vsh; path = Shaders/waterNormalShader.vsh; sourceTree = "<group>"; };
		92F190DB1A5EC47F008AA456 /* cubeShader.fsh */ = {isa = PBXFileReference; fileEncoding = 4; lastKnownFileType = sourcecode.glsl; name = cubeShader.fsh; path = Shaders/cubeShader.fsh; sourceTree = "<group>"; };
		92F190DC1A5EC47F008AA456 /* cubeShader.vsh */ = {isa = PBXFileReference; fileEncoding = 4; lastKnownFileType = sourcecode.glsl; name = cubeShader.vsh; path = Shaders/cubeShader.vsh; sourceTree = "<group>"; };
/* End PBXFileReference section */

/* Begin PBXFrameworksBuildPhase section */
		92ACC8231A5D8187001EE6D4 /* Frameworks */ = {
			isa = PBXFrameworksBuildPhase;
			buildActionMask = 2147483647;
			files = (
				92ACC8631A5D89A3001EE6D4 /* GLKit.framework in Frameworks */,
			);
			runOnlyForDeploymentPostprocessing = 0;
		};
/* End PBXFrameworksBuildPhase section */

/* Begin PBXGroup section */
		92ACC81D1A5D8187001EE6D4 = {
			isa = PBXGroup;
			children = (
				92ACC8621A5D89A3001EE6D4 /* GLKit.framework */,
				92ACC8281A5D8187001EE6D4 /* glwater */,
				92ACC8531A5D8544001EE6D4 /* Resources */,
				92ACC8271A5D8187001EE6D4 /* Products */,
			);
			sourceTree = "<group>";
		};
		92ACC8271A5D8187001EE6D4 /* Products */ = {
			isa = PBXGroup;
			children = (
				92ACC8261A5D8187001EE6D4 /* glwater.app */,
			);
			name = Products;
			sourceTree = "<group>";
		};
		92ACC8281A5D8187001EE6D4 /* glwater */ = {
			isa = PBXGroup;
			children = (
				92ACC82D1A5D8187001EE6D4 /* AppDelegate.h */,
				92ACC82E1A5D8187001EE6D4 /* AppDelegate.mm */,
				92F190DB1A5EC47F008AA456 /* cubeShader.fsh */,
				92F190DC1A5EC47F008AA456 /* cubeShader.vsh */,
				92B5FFEF1A612B2E003025EE /* waterNormalShader.fsh */,
				92B5FFF01A612B2E003025EE /* waterNormalShader.vsh */,
				92B5FFEB1A612962003025EE /* waterUpdateShader.fsh */,
				92B5FFEC1A612962003025EE /* waterUpdateShader.vsh */,
				92B5FFC11A60EF3C003025EE /* waterShader.fsh */,
				92B5FFC21A60EF3C003025EE /* waterShader.vsh */,
				92ACC8341A5D8187001EE6D4 /* GameViewController.h */,
				92ACC8351A5D8187001EE6D4 /* GameViewController.mm */,
				92B5FFE21A610B4D003025EE /* LightGL.h */,
				92B5FFE31A610B4D003025EE /* LightGL.mm */,
				92B5FFCD1A60F61B003025EE /* Uniform.h */,
				92B5FFCE1A60F61B003025EE /* Uniform.mm */,
				92B5FFCA1A60F273003025EE /* Program.h */,
				92B5FFCB1A60F273003025EE /* Program.mm */,
				92B5FFD31A6103F5003025EE /* Texture.h */,
				92B5FFD41A6103F5003025EE /* Texture.mm */,
				92B5FFD61A610409003025EE /* Texture2D.h */,
				92B5FFD71A610409003025EE /* Texture2D.mm */,
				92B5FFD01A610302003025EE /* TextureCube.h */,
				92B5FFD11A610302003025EE /* TextureCube.mm */,
				92B5FFE51A610F4F003025EE /* Mesh.h */,
				92B5FFE61A610F4F003025EE /* Mesh.mm */,
				92B5FFDF1A610AA6003025EE /* Water.h */,
				92B5FFE01A610AA6003025EE /* Water.mm */,
				92ACC8371A5D8187001EE6D4 /* Main.storyboard */,
				92ACC83A1A5D8187001EE6D4 /* Images.xcassets */,
				92ACC83C1A5D8187001EE6D4 /* LaunchScreen.xib */,
				92ACC8291A5D8187001EE6D4 /* Supporting Files */,
			);
			path = glwater;
			sourceTree = "<group>";
		};
		92ACC8291A5D8187001EE6D4 /* Supporting Files */ = {
			isa = PBXGroup;
			children = (
				92ACC82A1A5D8187001EE6D4 /* Info.plist */,
				92ACC82B1A5D8187001EE6D4 /* main.m */,
			);
			name = "Supporting Files";
			sourceTree = "<group>";
		};
		92ACC8531A5D8544001EE6D4 /* Resources */ = {
			isa = PBXGroup;
			children = (
				92ACC8541A5D8544001EE6D4 /* tiles.jpg */,
				92ACC8551A5D8544001EE6D4 /* xneg.jpg */,
				92ACC8561A5D8544001EE6D4 /* xpos.jpg */,
				92ACC8571A5D8544001EE6D4 /* ypos.jpg */,
				92ACC8581A5D8544001EE6D4 /* zneg.jpg */,
				92ACC8591A5D8544001EE6D4 /* zpos.jpg */,
			);
			name = Resources;
			path = glwater/Resources;
			sourceTree = "<group>";
		};
/* End PBXGroup section */

/* Begin PBXNativeTarget section */
		92ACC8251A5D8187001EE6D4 /* glwater */ = {
			isa = PBXNativeTarget;
			buildConfigurationList = 92ACC84D1A5D8187001EE6D4 /* Build configuration list for PBXNativeTarget "glwater" */;
			buildPhases = (
				92ACC8221A5D8187001EE6D4 /* Sources */,
				92ACC8231A5D8187001EE6D4 /* Frameworks */,
				92ACC8241A5D8187001EE6D4 /* Resources */,
			);
			buildRules = (
			);
			dependencies = (
			);
			name = glwater;
			productName = glwater;
			productReference = 92ACC8261A5D8187001EE6D4 /* glwater.app */;
			productType = "com.apple.product-type.application";
		};
/* End PBXNativeTarget section */

/* Begin PBXProject section */
		92ACC81E1A5D8187001EE6D4 /* Project object */ = {
			isa = PBXProject;
			attributes = {
				LastUpgradeCheck = 0610;
				ORGANIZATIONNAME = luma;
				TargetAttributes = {
					92ACC8251A5D8187001EE6D4 = {
						CreatedOnToolsVersion = 6.1.1;
					};
				};
			};
			buildConfigurationList = 92ACC8211A5D8187001EE6D4 /* Build configuration list for PBXProject "glwater" */;
			compatibilityVersion = "Xcode 3.2";
			developmentRegion = English;
			hasScannedForEncodings = 0;
			knownRegions = (
				en,
				Base,
			);
			mainGroup = 92ACC81D1A5D8187001EE6D4;
			productRefGroup = 92ACC8271A5D8187001EE6D4 /* Products */;
			projectDirPath = "";
			projectRoot = "";
			targets = (
				92ACC8251A5D8187001EE6D4 /* glwater */,
			);
		};
/* End PBXProject section */

/* Begin PBXResourcesBuildPhase section */
		92ACC8241A5D8187001EE6D4 /* Resources */ = {
			isa = PBXResourcesBuildPhase;
			buildActionMask = 2147483647;
			files = (
				92ACC83E1A5D8187001EE6D4 /* LaunchScreen.xib in Resources */,
				92B5FFED1A612962003025EE /* waterUpdateShader.fsh in Resources */,
				92ACC85E1A5D8544001EE6D4 /* zneg.jpg in Resources */,
				92ACC85C1A5D8544001EE6D4 /* xpos.jpg in Resources */,
				92ACC85B1A5D8544001EE6D4 /* xneg.jpg in Resources */,
				92B5FFEE1A612962003025EE /* waterUpdateShader.vsh in Resources */,
				92ACC8391A5D8187001EE6D4 /* Main.storyboard in Resources */,
				92F190DE1A5EC47F008AA456 /* cubeShader.vsh in Resources */,
				92ACC85F1A5D8544001EE6D4 /* zpos.jpg in Resources */,
				92ACC85D1A5D8544001EE6D4 /* ypos.jpg in Resources */,
				92B5FFC31A60EF3C003025EE /* waterShader.fsh in Resources */,
				92F190DD1A5EC47F008AA456 /* cubeShader.fsh in Resources */,
				92ACC83B1A5D8187001EE6D4 /* Images.xcassets in Resources */,
				92B5FFC41A60EF3C003025EE /* waterShader.vsh in Resources */,
				92ACC85A1A5D8544001EE6D4 /* tiles.jpg in Resources */,
				92B5FFF11A612B2E003025EE /* waterNormalShader.fsh in Resources */,
				92B5FFF21A612B2E003025EE /* waterNormalShader.vsh in Resources */,
			);
			runOnlyForDeploymentPostprocessing = 0;
		};
/* End PBXResourcesBuildPhase section */

/* Begin PBXSourcesBuildPhase section */
		92ACC8221A5D8187001EE6D4 /* Sources */ = {
			isa = PBXSourcesBuildPhase;
			buildActionMask = 2147483647;
			files = (
				92B5FFE71A610F4F003025EE /* Mesh.mm in Sources */,
				92B5FFCC1A60F273003025EE /* Program.mm in Sources */,
				92ACC82F1A5D8187001EE6D4 /* AppDelegate.mm in Sources */,
				92ACC8361A5D8187001EE6D4 /* GameViewController.mm in Sources */,
				92B5FFE41A610B4D003025EE /* LightGL.mm in Sources */,
				92B5FFCF1A60F61B003025EE /* Uniform.mm in Sources */,
				92B5FFD21A610302003025EE /* TextureCube.mm in Sources */,
				92B5FFD81A610409003025EE /* Texture2D.mm in Sources */,
				92B5FFE11A610AA6003025EE /* Water.mm in Sources */,
				92ACC82C1A5D8187001EE6D4 /* main.m in Sources */,
				92B5FFD51A6103F5003025EE /* Texture.mm in Sources */,
			);
			runOnlyForDeploymentPostprocessing = 0;
		};
/* End PBXSourcesBuildPhase section */

/* Begin PBXVariantGroup section */
		92ACC8371A5D8187001EE6D4 /* Main.storyboard */ = {
			isa = PBXVariantGroup;
			children = (
				92ACC8381A5D8187001EE6D4 /* Base */,
			);
			name = Main.storyboard;
			sourceTree = "<group>";
		};
		92ACC83C1A5D8187001EE6D4 /* LaunchScreen.xib */ = {
			isa = PBXVariantGroup;
			children = (
				92ACC83D1A5D8187001EE6D4 /* Base */,
			);
			name = LaunchScreen.xib;
			sourceTree = "<group>";
		};
/* End PBXVariantGroup section */

/* Begin XCBuildConfiguration section */
		92ACC84B1A5D8187001EE6D4 /* Debug */ = {
			isa = XCBuildConfiguration;
			buildSettings = {
				ALWAYS_SEARCH_USER_PATHS = NO;
				CLANG_CXX_LANGUAGE_STANDARD = "gnu++0x";
				CLANG_CXX_LIBRARY = "libc++";
				CLANG_ENABLE_MODULES = YES;
				CLANG_ENABLE_OBJC_ARC = YES;
				CLANG_WARN_BOOL_CONVERSION = YES;
				CLANG_WARN_CONSTANT_CONVERSION = YES;
				CLANG_WARN_DIRECT_OBJC_ISA_USAGE = YES_ERROR;
				CLANG_WARN_EMPTY_BODY = YES;
				CLANG_WARN_ENUM_CONVERSION = YES;
				CLANG_WARN_INT_CONVERSION = YES;
				CLANG_WARN_OBJC_ROOT_CLASS = YES_ERROR;
				CLANG_WARN_UNREACHABLE_CODE = YES;
				CLANG_WARN__DUPLICATE_METHOD_MATCH = YES;
				"CODE_SIGN_IDENTITY[sdk=iphoneos*]" = "iPhone Developer";
				COPY_PHASE_STRIP = NO;
				ENABLE_STRICT_OBJC_MSGSEND = YES;
				GCC_C_LANGUAGE_STANDARD = gnu99;
				GCC_DYNAMIC_NO_PIC = NO;
				GCC_OPTIMIZATION_LEVEL = 0;
				GCC_PREPROCESSOR_DEFINITIONS = (
					"DEBUG=1",
					"$(inherited)",
				);
				GCC_SYMBOLS_PRIVATE_EXTERN = NO;
				GCC_WARN_64_TO_32_BIT_CONVERSION = YES;
				GCC_WARN_ABOUT_RETURN_TYPE = YES_ERROR;
				GCC_WARN_UNDECLARED_SELECTOR = YES;
				GCC_WARN_UNINITIALIZED_AUTOS = YES_AGGRESSIVE;
				GCC_WARN_UNUSED_FUNCTION = YES;
				GCC_WARN_UNUSED_VARIABLE = YES;
				IPHONEOS_DEPLOYMENT_TARGET = 8.1;
				MTL_ENABLE_DEBUG_INFO = YES;
				ONLY_ACTIVE_ARCH = YES;
				SDKROOT = iphoneos;
			};
			name = Debug;
		};
		92ACC84C1A5D8187001EE6D4 /* Release */ = {
			isa = XCBuildConfiguration;
			buildSettings = {
				ALWAYS_SEARCH_USER_PATHS = NO;
				CLANG_CXX_LANGUAGE_STANDARD = "gnu++0x";
				CLANG_CXX_LIBRARY = "libc++";
				CLANG_ENABLE_MODULES = YES;
				CLANG_ENABLE_OBJC_ARC = YES;
				CLANG_WARN_BOOL_CONVERSION = YES;
				CLANG_WARN_CONSTANT_CONVERSION = YES;
				CLANG_WARN_DIRECT_OBJC_ISA_USAGE = YES_ERROR;
				CLANG_WARN_EMPTY_BODY = YES;
				CLANG_WARN_ENUM_CONVERSION = YES;
				CLANG_WARN_INT_CONVERSION = YES;
				CLANG_WARN_OBJC_ROOT_CLASS = YES_ERROR;
				CLANG_WARN_UNREACHABLE_CODE = YES;
				CLANG_WARN__DUPLICATE_METHOD_MATCH = YES;
				"CODE_SIGN_IDENTITY[sdk=iphoneos*]" = "iPhone Developer";
				COPY_PHASE_STRIP = YES;
				ENABLE_NS_ASSERTIONS = NO;
				ENABLE_STRICT_OBJC_MSGSEND = YES;
				GCC_C_LANGUAGE_STANDARD = gnu99;
				GCC_WARN_64_TO_32_BIT_CONVERSION = YES;
				GCC_WARN_ABOUT_RETURN_TYPE = YES_ERROR;
				GCC_WARN_UNDECLARED_SELECTOR = YES;
				GCC_WARN_UNINITIALIZED_AUTOS = YES_AGGRESSIVE;
				GCC_WARN_UNUSED_FUNCTION = YES;
				GCC_WARN_UNUSED_VARIABLE = YES;
				IPHONEOS_DEPLOYMENT_TARGET = 8.1;
				MTL_ENABLE_DEBUG_INFO = NO;
				SDKROOT = iphoneos;
				VALIDATE_PRODUCT = YES;
			};
			name = Release;
		};
		92ACC84E1A5D8187001EE6D4 /* Debug */ = {
			isa = XCBuildConfiguration;
			buildSettings = {
				ASSETCATALOG_COMPILER_APPICON_NAME = AppIcon;
				INFOPLIST_FILE = glwater/Info.plist;
				LD_RUNPATH_SEARCH_PATHS = "$(inherited) @executable_path/Frameworks";
				PRODUCT_NAME = "$(TARGET_NAME)";
			};
			name = Debug;
		};
		92ACC84F1A5D8187001EE6D4 /* Release */ = {
			isa = XCBuildConfiguration;
			buildSettings = {
				ASSETCATALOG_COMPILER_APPICON_NAME = AppIcon;
				INFOPLIST_FILE = glwater/Info.plist;
				LD_RUNPATH_SEARCH_PATHS = "$(inherited) @executable_path/Frameworks";
				PRODUCT_NAME = "$(TARGET_NAME)";
			};
			name = Release;
		};
/* End XCBuildConfiguration section */

/* Begin XCConfigurationList section */
		92ACC8211A5D8187001EE6D4 /* Build configuration list for PBXProject "glwater" */ = {
			isa = XCConfigurationList;
			buildConfigurations = (
				92ACC84B1A5D8187001EE6D4 /* Debug */,
				92ACC84C1A5D8187001EE6D4 /* Release */,
			);
			defaultConfigurationIsVisible = 0;
			defaultConfigurationName = Release;
		};
		92ACC84D1A5D8187001EE6D4 /* Build configuration list for PBXNativeTarget "glwater" */ = {
			isa = XCConfigurationList;
			buildConfigurations = (
				92ACC84E1A5D8187001EE6D4 /* Debug */,
				92ACC84F1A5D8187001EE6D4 /* Release */,
			);
			defaultConfigurationIsVisible = 0;
			defaultConfigurationName = Release;
		};
/* End XCConfigurationList section */
	};
	rootObject = 92ACC81E1A5D8187001EE6D4 /* Project object */;
}
